// !$*UTF8*$!
{
	archiveVersion = 1;
	classes = {
	};
	objectVersion = 50;
	objects = {

/* Begin PBXBuildFile section */
		AA1158D626315E3000852C63 /* AppDelegate.swift in Sources */ = {isa = PBXBuildFile; fileRef = AA1158D526315E3000852C63 /* AppDelegate.swift */; };
		AA1158D826315E3000852C63 /* SceneDelegate.swift in Sources */ = {isa = PBXBuildFile; fileRef = AA1158D726315E3000852C63 /* SceneDelegate.swift */; };
		AA1158DA26315E3000852C63 /* photosTableViewController.swift in Sources */ = {isa = PBXBuildFile; fileRef = AA1158D926315E3000852C63 /* photosTableViewController.swift */; };
		AA1158DD26315E3000852C63 /* Main.storyboard in Resources */ = {isa = PBXBuildFile; fileRef = AA1158DB26315E3000852C63 /* Main.storyboard */; };
		AA1158DF26315E3200852C63 /* Assets.xcassets in Resources */ = {isa = PBXBuildFile; fileRef = AA1158DE26315E3200852C63 /* Assets.xcassets */; };
		AA1158E226315E3200852C63 /* LaunchScreen.storyboard in Resources */ = {isa = PBXBuildFile; fileRef = AA1158E026315E3200852C63 /* LaunchScreen.storyboard */; };
		AA1158EF263162E400852C63 /* EulerityImage.swift in Sources */ = {isa = PBXBuildFile; fileRef = AA1158EE263162E400852C63 /* EulerityImage.swift */; };
		AA1158F1263164AA00852C63 /* CustomImage.swift in Sources */ = {isa = PBXBuildFile; fileRef = AA1158F0263164AA00852C63 /* CustomImage.swift */; };
		AA1158F7263168CA00852C63 /* URLSession+loadData.swift in Sources */ = {isa = PBXBuildFile; fileRef = AA1158F6263168CA00852C63 /* URLSession+loadData.swift */; };
		AA1158FB2631694D00852C63 /* EulerityImageController.swift in Sources */ = {isa = PBXBuildFile; fileRef = AA1158FA2631694D00852C63 /* EulerityImageController.swift */; };
		AA1159032631705D00852C63 /* Eulerity_Async_Images_Tests.swift in Sources */ = {isa = PBXBuildFile; fileRef = AA1159022631705D00852C63 /* Eulerity_Async_Images_Tests.swift */; };
		AA1159132631DC0800852C63 /* ConcurrentOperation.swift in Sources */ = {isa = PBXBuildFile; fileRef = AA1159122631DC0800852C63 /* ConcurrentOperation.swift */; };
		AA1159152631DC4000852C63 /* PhotoFetchOperations.swift in Sources */ = {isa = PBXBuildFile; fileRef = AA1159142631DC4000852C63 /* PhotoFetchOperations.swift */; };
		AA1159172631E1CA00852C63 /* Cache.swift in Sources */ = {isa = PBXBuildFile; fileRef = AA1159162631E1CA00852C63 /* Cache.swift */; };
		AA9D637A26325862005AD71F /* PhotoDetailView.swift in Sources */ = {isa = PBXBuildFile; fileRef = AA9D637926325862005AD71F /* PhotoDetailView.swift */; };
/* End PBXBuildFile section */

/* Begin PBXContainerItemProxy section */
		AA1159052631705D00852C63 /* PBXContainerItemProxy */ = {
			isa = PBXContainerItemProxy;
			containerPortal = AA1158CA26315E3000852C63 /* Project object */;
			proxyType = 1;
			remoteGlobalIDString = AA1158D126315E3000852C63;
			remoteInfo = "Eulerity Async Images";
		};
/* End PBXContainerItemProxy section */

/* Begin PBXFileReference section */
		AA1158D226315E3000852C63 /* Eulerity Async Images.app */ = {isa = PBXFileReference; explicitFileType = wrapper.application; includeInIndex = 0; path = "Eulerity Async Images.app"; sourceTree = BUILT_PRODUCTS_DIR; };
		AA1158D526315E3000852C63 /* AppDelegate.swift */ = {isa = PBXFileReference; lastKnownFileType = sourcecode.swift; path = AppDelegate.swift; sourceTree = "<group>"; };
		AA1158D726315E3000852C63 /* SceneDelegate.swift */ = {isa = PBXFileReference; lastKnownFileType = sourcecode.swift; path = SceneDelegate.swift; sourceTree = "<group>"; };
		AA1158D926315E3000852C63 /* photosTableViewController.swift */ = {isa = PBXFileReference; lastKnownFileType = sourcecode.swift; path = photosTableViewController.swift; sourceTree = "<group>"; };
		AA1158DC26315E3000852C63 /* Base */ = {isa = PBXFileReference; lastKnownFileType = file.storyboard; name = Base; path = Base.lproj/Main.storyboard; sourceTree = "<group>"; };
		AA1158DE26315E3200852C63 /* Assets.xcassets */ = {isa = PBXFileReference; lastKnownFileType = folder.assetcatalog; path = Assets.xcassets; sourceTree = "<group>"; };
		AA1158E126315E3200852C63 /* Base */ = {isa = PBXFileReference; lastKnownFileType = file.storyboard; name = Base; path = Base.lproj/LaunchScreen.storyboard; sourceTree = "<group>"; };
		AA1158E326315E3200852C63 /* Info.plist */ = {isa = PBXFileReference; lastKnownFileType = text.plist.xml; path = Info.plist; sourceTree = "<group>"; };
		AA1158EE263162E400852C63 /* EulerityImage.swift */ = {isa = PBXFileReference; lastKnownFileType = sourcecode.swift; path = EulerityImage.swift; sourceTree = "<group>"; };
		AA1158F0263164AA00852C63 /* CustomImage.swift */ = {isa = PBXFileReference; lastKnownFileType = sourcecode.swift; path = CustomImage.swift; sourceTree = "<group>"; };
		AA1158F6263168CA00852C63 /* URLSession+loadData.swift */ = {isa = PBXFileReference; lastKnownFileType = sourcecode.swift; path = "URLSession+loadData.swift"; sourceTree = "<group>"; };
		AA1158FA2631694D00852C63 /* EulerityImageController.swift */ = {isa = PBXFileReference; lastKnownFileType = sourcecode.swift; path = EulerityImageController.swift; sourceTree = "<group>"; };
		AA1159002631705D00852C63 /* Eulerity Async Images Tests.xctest */ = {isa = PBXFileReference; explicitFileType = wrapper.cfbundle; includeInIndex = 0; path = "Eulerity Async Images Tests.xctest"; sourceTree = BUILT_PRODUCTS_DIR; };
		AA1159022631705D00852C63 /* Eulerity_Async_Images_Tests.swift */ = {isa = PBXFileReference; lastKnownFileType = sourcecode.swift; path = Eulerity_Async_Images_Tests.swift; sourceTree = "<group>"; };
		AA1159042631705D00852C63 /* Info.plist */ = {isa = PBXFileReference; lastKnownFileType = text.plist.xml; path = Info.plist; sourceTree = "<group>"; };
		AA1159122631DC0800852C63 /* ConcurrentOperation.swift */ = {isa = PBXFileReference; lastKnownFileType = sourcecode.swift; path = ConcurrentOperation.swift; sourceTree = "<group>"; };
		AA1159142631DC4000852C63 /* PhotoFetchOperations.swift */ = {isa = PBXFileReference; lastKnownFileType = sourcecode.swift; path = PhotoFetchOperations.swift; sourceTree = "<group>"; };
		AA1159162631E1CA00852C63 /* Cache.swift */ = {isa = PBXFileReference; lastKnownFileType = sourcecode.swift; path = Cache.swift; sourceTree = "<group>"; };
		AA9D637926325862005AD71F /* PhotoDetailView.swift */ = {isa = PBXFileReference; lastKnownFileType = sourcecode.swift; path = PhotoDetailView.swift; sourceTree = "<group>"; };
/* End PBXFileReference section */

/* Begin PBXFrameworksBuildPhase section */
		AA1158CF26315E3000852C63 /* Frameworks */ = {
			isa = PBXFrameworksBuildPhase;
			buildActionMask = 2147483647;
			files = (
			);
			runOnlyForDeploymentPostprocessing = 0;
		};
		AA1158FD2631705D00852C63 /* Frameworks */ = {
			isa = PBXFrameworksBuildPhase;
			buildActionMask = 2147483647;
			files = (
			);
			runOnlyForDeploymentPostprocessing = 0;
		};
/* End PBXFrameworksBuildPhase section */

/* Begin PBXGroup section */
		AA1158C926315E3000852C63 = {
			isa = PBXGroup;
			children = (
				AA1158D426315E3000852C63 /* Eulerity Async Images */,
				AA1159012631705D00852C63 /* Eulerity Async Images Tests */,
				AA1158D326315E3000852C63 /* Products */,
			);
			sourceTree = "<group>";
		};
		AA1158D326315E3000852C63 /* Products */ = {
			isa = PBXGroup;
			children = (
				AA1158D226315E3000852C63 /* Eulerity Async Images.app */,
				AA1159002631705D00852C63 /* Eulerity Async Images Tests.xctest */,
			);
			name = Products;
			sourceTree = "<group>";
		};
		AA1158D426315E3000852C63 /* Eulerity Async Images */ = {
			isa = PBXGroup;
			children = (
				AA1158E926315E7700852C63 /* App */,
				AA1159112631DBFC00852C63 /* Operations */,
				AA1158F5263168B300852C63 /* Extensions */,
				AA1158ED263162D300852C63 /* Models */,
				AA1158EC263162CA00852C63 /* Views */,
				AA1158EB263162BA00852C63 /* Controllers */,
			);
			path = "Eulerity Async Images";
			sourceTree = "<group>";
		};
		AA1158E926315E7700852C63 /* App */ = {
			isa = PBXGroup;
			children = (
				AA1158D526315E3000852C63 /* AppDelegate.swift */,
				AA1158D726315E3000852C63 /* SceneDelegate.swift */,
				AA1158E326315E3200852C63 /* Info.plist */,
			);
			name = App;
			sourceTree = "<group>";
		};
		AA1158EB263162BA00852C63 /* Controllers */ = {
			isa = PBXGroup;
			children = (
				AA1158F82631693300852C63 /* Model Controllers */,
				AA1158F92631693900852C63 /* View Controllers */,
			);
			path = Controllers;
			sourceTree = "<group>";
		};
		AA1158EC263162CA00852C63 /* Views */ = {
			isa = PBXGroup;
			children = (
				AA1158F0263164AA00852C63 /* CustomImage.swift */,
				AA1158DE26315E3200852C63 /* Assets.xcassets */,
				AA1158DB26315E3000852C63 /* Main.storyboard */,
				AA1158E026315E3200852C63 /* LaunchScreen.storyboard */,
			);
			path = Views;
			sourceTree = "<group>";
		};
		AA1158ED263162D300852C63 /* Models */ = {
			isa = PBXGroup;
			children = (
				AA1158EE263162E400852C63 /* EulerityImage.swift */,
				AA1159162631E1CA00852C63 /* Cache.swift */,
			);
			path = Models;
			sourceTree = "<group>";
		};
		AA1158F5263168B300852C63 /* Extensions */ = {
			isa = PBXGroup;
			children = (
				AA1158F6263168CA00852C63 /* URLSession+loadData.swift */,
			);
			path = Extensions;
			sourceTree = "<group>";
		};
		AA1158F82631693300852C63 /* Model Controllers */ = {
			isa = PBXGroup;
			children = (
				AA1158FA2631694D00852C63 /* EulerityImageController.swift */,
			);
			path = "Model Controllers";
			sourceTree = "<group>";
		};
		AA1158F92631693900852C63 /* View Controllers */ = {
			isa = PBXGroup;
			children = (
				AA1158D926315E3000852C63 /* photosTableViewController.swift */,
				AA9D637926325862005AD71F /* PhotoDetailView.swift */,
			);
			path = "View Controllers";
			sourceTree = "<group>";
		};
		AA1159012631705D00852C63 /* Eulerity Async Images Tests */ = {
			isa = PBXGroup;
			children = (
				AA1159022631705D00852C63 /* Eulerity_Async_Images_Tests.swift */,
				AA1159042631705D00852C63 /* Info.plist */,
			);
			path = "Eulerity Async Images Tests";
			sourceTree = "<group>";
		};
		AA1159112631DBFC00852C63 /* Operations */ = {
			isa = PBXGroup;
			children = (
				AA1159122631DC0800852C63 /* ConcurrentOperation.swift */,
				AA1159142631DC4000852C63 /* PhotoFetchOperations.swift */,
			);
			path = Operations;
			sourceTree = "<group>";
		};
/* End PBXGroup section */

/* Begin PBXNativeTarget section */
		AA1158D126315E3000852C63 /* Eulerity Async Images */ = {
			isa = PBXNativeTarget;
			buildConfigurationList = AA1158E626315E3200852C63 /* Build configuration list for PBXNativeTarget "Eulerity Async Images" */;
			buildPhases = (
				AA1158CE26315E3000852C63 /* Sources */,
				AA1158CF26315E3000852C63 /* Frameworks */,
				AA1158D026315E3000852C63 /* Resources */,
			);
			buildRules = (
			);
			dependencies = (
			);
			name = "Eulerity Async Images";
			productName = "Eulerity Async Images";
			productReference = AA1158D226315E3000852C63 /* Eulerity Async Images.app */;
			productType = "com.apple.product-type.application";
		};
		AA1158FF2631705D00852C63 /* Eulerity Async Images Tests */ = {
			isa = PBXNativeTarget;
			buildConfigurationList = AA1159072631705D00852C63 /* Build configuration list for PBXNativeTarget "Eulerity Async Images Tests" */;
			buildPhases = (
				AA1158FC2631705D00852C63 /* Sources */,
				AA1158FD2631705D00852C63 /* Frameworks */,
				AA1158FE2631705D00852C63 /* Resources */,
			);
			buildRules = (
			);
			dependencies = (
				AA1159062631705D00852C63 /* PBXTargetDependency */,
			);
			name = "Eulerity Async Images Tests";
			productName = "Eulerity Async Images Tests";
			productReference = AA1159002631705D00852C63 /* Eulerity Async Images Tests.xctest */;
			productType = "com.apple.product-type.bundle.unit-test";
		};
/* End PBXNativeTarget section */

/* Begin PBXProject section */
		AA1158CA26315E3000852C63 /* Project object */ = {
			isa = PBXProject;
			attributes = {
				LastSwiftUpdateCheck = 1250;
				LastUpgradeCheck = 1250;
				TargetAttributes = {
					AA1158D126315E3000852C63 = {
						CreatedOnToolsVersion = 12.5;
					};
					AA1158FF2631705D00852C63 = {
						CreatedOnToolsVersion = 12.5;
						TestTargetID = AA1158D126315E3000852C63;
					};
				};
			};
			buildConfigurationList = AA1158CD26315E3000852C63 /* Build configuration list for PBXProject "Eulerity Async Images" */;
			compatibilityVersion = "Xcode 9.3";
			developmentRegion = en;
			hasScannedForEncodings = 0;
			knownRegions = (
				en,
				Base,
			);
			mainGroup = AA1158C926315E3000852C63;
			productRefGroup = AA1158D326315E3000852C63 /* Products */;
			projectDirPath = "";
			projectRoot = "";
			targets = (
				AA1158D126315E3000852C63 /* Eulerity Async Images */,
				AA1158FF2631705D00852C63 /* Eulerity Async Images Tests */,
			);
		};
/* End PBXProject section */

/* Begin PBXResourcesBuildPhase section */
		AA1158D026315E3000852C63 /* Resources */ = {
			isa = PBXResourcesBuildPhase;
			buildActionMask = 2147483647;
			files = (
				AA1158E226315E3200852C63 /* LaunchScreen.storyboard in Resources */,
				AA1158DF26315E3200852C63 /* Assets.xcassets in Resources */,
				AA1158DD26315E3000852C63 /* Main.storyboard in Resources */,
			);
			runOnlyForDeploymentPostprocessing = 0;
		};
		AA1158FE2631705D00852C63 /* Resources */ = {
			isa = PBXResourcesBuildPhase;
			buildActionMask = 2147483647;
			files = (
			);
			runOnlyForDeploymentPostprocessing = 0;
		};
/* End PBXResourcesBuildPhase section */

/* Begin PBXSourcesBuildPhase section */
		AA1158CE26315E3000852C63 /* Sources */ = {
			isa = PBXSourcesBuildPhase;
			buildActionMask = 2147483647;
			files = (
				AA1159132631DC0800852C63 /* ConcurrentOperation.swift in Sources */,
				AA1159152631DC4000852C63 /* PhotoFetchOperations.swift in Sources */,
				AA1158EF263162E400852C63 /* EulerityImage.swift in Sources */,
				AA1158DA26315E3000852C63 /* photosTableViewController.swift in Sources */,
				AA1158F7263168CA00852C63 /* URLSession+loadData.swift in Sources */,
				AA1158F1263164AA00852C63 /* CustomImage.swift in Sources */,
				AA1159172631E1CA00852C63 /* Cache.swift in Sources */,
				AA1158D626315E3000852C63 /* AppDelegate.swift in Sources */,
				AA9D637A26325862005AD71F /* PhotoDetailView.swift in Sources */,
				AA1158D826315E3000852C63 /* SceneDelegate.swift in Sources */,
				AA1158FB2631694D00852C63 /* EulerityImageController.swift in Sources */,
			);
			runOnlyForDeploymentPostprocessing = 0;
		};
		AA1158FC2631705D00852C63 /* Sources */ = {
			isa = PBXSourcesBuildPhase;
			buildActionMask = 2147483647;
			files = (
				AA1159032631705D00852C63 /* Eulerity_Async_Images_Tests.swift in Sources */,
			);
			runOnlyForDeploymentPostprocessing = 0;
		};
/* End PBXSourcesBuildPhase section */

/* Begin PBXTargetDependency section */
		AA1159062631705D00852C63 /* PBXTargetDependency */ = {
			isa = PBXTargetDependency;
			target = AA1158D126315E3000852C63 /* Eulerity Async Images */;
			targetProxy = AA1159052631705D00852C63 /* PBXContainerItemProxy */;
		};
/* End PBXTargetDependency section */

/* Begin PBXVariantGroup section */
		AA1158DB26315E3000852C63 /* Main.storyboard */ = {
			isa = PBXVariantGroup;
			children = (
				AA1158DC26315E3000852C63 /* Base */,
			);
			name = Main.storyboard;
			sourceTree = "<group>";
		};
		AA1158E026315E3200852C63 /* LaunchScreen.storyboard */ = {
			isa = PBXVariantGroup;
			children = (
				AA1158E126315E3200852C63 /* Base */,
			);
			name = LaunchScreen.storyboard;
			sourceTree = "<group>";
		};
/* End PBXVariantGroup section */

/* Begin XCBuildConfiguration section */
		AA1158E426315E3200852C63 /* Debug */ = {
			isa = XCBuildConfiguration;
			buildSettings = {
				ALWAYS_SEARCH_USER_PATHS = NO;
				CLANG_ANALYZER_NONNULL = YES;
				CLANG_ANALYZER_NUMBER_OBJECT_CONVERSION = YES_AGGRESSIVE;
				CLANG_CXX_LANGUAGE_STANDARD = "gnu++14";
				CLANG_CXX_LIBRARY = "libc++";
				CLANG_ENABLE_MODULES = YES;
				CLANG_ENABLE_OBJC_ARC = YES;
				CLANG_ENABLE_OBJC_WEAK = YES;
				CLANG_WARN_BLOCK_CAPTURE_AUTORELEASING = YES;
				CLANG_WARN_BOOL_CONVERSION = YES;
				CLANG_WARN_COMMA = YES;
				CLANG_WARN_CONSTANT_CONVERSION = YES;
				CLANG_WARN_DEPRECATED_OBJC_IMPLEMENTATIONS = YES;
				CLANG_WARN_DIRECT_OBJC_ISA_USAGE = YES_ERROR;
				CLANG_WARN_DOCUMENTATION_COMMENTS = YES;
				CLANG_WARN_EMPTY_BODY = YES;
				CLANG_WARN_ENUM_CONVERSION = YES;
				CLANG_WARN_INFINITE_RECURSION = YES;
				CLANG_WARN_INT_CONVERSION = YES;
				CLANG_WARN_NON_LITERAL_NULL_CONVERSION = YES;
				CLANG_WARN_OBJC_IMPLICIT_RETAIN_SELF = YES;
				CLANG_WARN_OBJC_LITERAL_CONVERSION = YES;
				CLANG_WARN_OBJC_ROOT_CLASS = YES_ERROR;
				CLANG_WARN_QUOTED_INCLUDE_IN_FRAMEWORK_HEADER = YES;
				CLANG_WARN_RANGE_LOOP_ANALYSIS = YES;
				CLANG_WARN_STRICT_PROTOTYPES = YES;
				CLANG_WARN_SUSPICIOUS_MOVE = YES;
				CLANG_WARN_UNGUARDED_AVAILABILITY = YES_AGGRESSIVE;
				CLANG_WARN_UNREACHABLE_CODE = YES;
				CLANG_WARN__DUPLICATE_METHOD_MATCH = YES;
				COPY_PHASE_STRIP = NO;
				DEBUG_INFORMATION_FORMAT = dwarf;
				ENABLE_STRICT_OBJC_MSGSEND = YES;
				ENABLE_TESTABILITY = YES;
				GCC_C_LANGUAGE_STANDARD = gnu11;
				GCC_DYNAMIC_NO_PIC = NO;
				GCC_NO_COMMON_BLOCKS = YES;
				GCC_OPTIMIZATION_LEVEL = 0;
				GCC_PREPROCESSOR_DEFINITIONS = (
					"DEBUG=1",
					"$(inherited)",
				);
				GCC_WARN_64_TO_32_BIT_CONVERSION = YES;
				GCC_WARN_ABOUT_RETURN_TYPE = YES_ERROR;
				GCC_WARN_UNDECLARED_SELECTOR = YES;
				GCC_WARN_UNINITIALIZED_AUTOS = YES_AGGRESSIVE;
				GCC_WARN_UNUSED_FUNCTION = YES;
				GCC_WARN_UNUSED_VARIABLE = YES;
				IPHONEOS_DEPLOYMENT_TARGET = 13.0;
				MTL_ENABLE_DEBUG_INFO = INCLUDE_SOURCE;
				MTL_FAST_MATH = YES;
				ONLY_ACTIVE_ARCH = YES;
				SDKROOT = iphoneos;
				SWIFT_ACTIVE_COMPILATION_CONDITIONS = DEBUG;
				SWIFT_OPTIMIZATION_LEVEL = "-Onone";
			};
			name = Debug;
		};
		AA1158E526315E3200852C63 /* Release */ = {
			isa = XCBuildConfiguration;
			buildSettings = {
				ALWAYS_SEARCH_USER_PATHS = NO;
				CLANG_ANALYZER_NONNULL = YES;
				CLANG_ANALYZER_NUMBER_OBJECT_CONVERSION = YES_AGGRESSIVE;
				CLANG_CXX_LANGUAGE_STANDARD = "gnu++14";
				CLANG_CXX_LIBRARY = "libc++";
				CLANG_ENABLE_MODULES = YES;
				CLANG_ENABLE_OBJC_ARC = YES;
				CLANG_ENABLE_OBJC_WEAK = YES;
				CLANG_WARN_BLOCK_CAPTURE_AUTORELEASING = YES;
				CLANG_WARN_BOOL_CONVERSION = YES;
				CLANG_WARN_COMMA = YES;
				CLANG_WARN_CONSTANT_CONVERSION = YES;
				CLANG_WARN_DEPRECATED_OBJC_IMPLEMENTATIONS = YES;
				CLANG_WARN_DIRECT_OBJC_ISA_USAGE = YES_ERROR;
				CLANG_WARN_DOCUMENTATION_COMMENTS = YES;
				CLANG_WARN_EMPTY_BODY = YES;
				CLANG_WARN_ENUM_CONVERSION = YES;
				CLANG_WARN_INFINITE_RECURSION = YES;
				CLANG_WARN_INT_CONVERSION = YES;
				CLANG_WARN_NON_LITERAL_NULL_CONVERSION = YES;
				CLANG_WARN_OBJC_IMPLICIT_RETAIN_SELF = YES;
				CLANG_WARN_OBJC_LITERAL_CONVERSION = YES;
				CLANG_WARN_OBJC_ROOT_CLASS = YES_ERROR;
				CLANG_WARN_QUOTED_INCLUDE_IN_FRAMEWORK_HEADER = YES;
				CLANG_WARN_RANGE_LOOP_ANALYSIS = YES;
				CLANG_WARN_STRICT_PROTOTYPES = YES;
				CLANG_WARN_SUSPICIOUS_MOVE = YES;
				CLANG_WARN_UNGUARDED_AVAILABILITY = YES_AGGRESSIVE;
				CLANG_WARN_UNREACHABLE_CODE = YES;
				CLANG_WARN__DUPLICATE_METHOD_MATCH = YES;
				COPY_PHASE_STRIP = NO;
				DEBUG_INFORMATION_FORMAT = "dwarf-with-dsym";
				ENABLE_NS_ASSERTIONS = NO;
				ENABLE_STRICT_OBJC_MSGSEND = YES;
				GCC_C_LANGUAGE_STANDARD = gnu11;
				GCC_NO_COMMON_BLOCKS = YES;
				GCC_WARN_64_TO_32_BIT_CONVERSION = YES;
				GCC_WARN_ABOUT_RETURN_TYPE = YES_ERROR;
				GCC_WARN_UNDECLARED_SELECTOR = YES;
				GCC_WARN_UNINITIALIZED_AUTOS = YES_AGGRESSIVE;
				GCC_WARN_UNUSED_FUNCTION = YES;
				GCC_WARN_UNUSED_VARIABLE = YES;
				IPHONEOS_DEPLOYMENT_TARGET = 13.0;
				MTL_ENABLE_DEBUG_INFO = NO;
				MTL_FAST_MATH = YES;
				SDKROOT = iphoneos;
				SWIFT_COMPILATION_MODE = wholemodule;
				SWIFT_OPTIMIZATION_LEVEL = "-O";
				VALIDATE_PRODUCT = YES;
			};
			name = Release;
		};
		AA1158E726315E3200852C63 /* Debug */ = {
			isa = XCBuildConfiguration;
			buildSettings = {
				ASSETCATALOG_COMPILER_APPICON_NAME = AppIcon;
				ASSETCATALOG_COMPILER_GLOBAL_ACCENT_COLOR_NAME = AccentColor;
				CODE_SIGN_STYLE = Automatic;
				DEVELOPMENT_TEAM = 34P4RF23ET;
				INFOPLIST_FILE = "Eulerity Async Images/Info.plist";
				IPHONEOS_DEPLOYMENT_TARGET = 13.0;
				LD_RUNPATH_SEARCH_PATHS = (
					"$(inherited)",
					"@executable_path/Frameworks",
				);
				PRODUCT_BUNDLE_IDENTIFIER = "com.kennydubroff.Eulerity-Async-Images";
				PRODUCT_NAME = "$(TARGET_NAME)";
				SWIFT_VERSION = 5.0;
				TARGETED_DEVICE_FAMILY = "1,2";
			};
			name = Debug;
		};
		AA1158E826315E3200852C63 /* Release */ = {
			isa = XCBuildConfiguration;
			buildSettings = {
				ASSETCATALOG_COMPILER_APPICON_NAME = AppIcon;
				ASSETCATALOG_COMPILER_GLOBAL_ACCENT_COLOR_NAME = AccentColor;
				CODE_SIGN_STYLE = Automatic;
				DEVELOPMENT_TEAM = 34P4RF23ET;
				INFOPLIST_FILE = "Eulerity Async Images/Info.plist";
				IPHONEOS_DEPLOYMENT_TARGET = 13.0;
				LD_RUNPATH_SEARCH_PATHS = (
					"$(inherited)",
					"@executable_path/Frameworks",
				);
				PRODUCT_BUNDLE_IDENTIFIER = "com.kennydubroff.Eulerity-Async-Images";
				PRODUCT_NAME = "$(TARGET_NAME)";
				SWIFT_VERSION = 5.0;
				TARGETED_DEVICE_FAMILY = "1,2";
			};
			name = Release;
		};
		AA1159082631705D00852C63 /* Debug */ = {
			isa = XCBuildConfiguration;
			buildSettings = {
				BUNDLE_LOADER = "$(TEST_HOST)";
				CODE_SIGN_STYLE = Automatic;
				DEVELOPMENT_TEAM = 34P4RF23ET;
				INFOPLIST_FILE = "Eulerity Async Images Tests/Info.plist";
				LD_RUNPATH_SEARCH_PATHS = (
					"$(inherited)",
					"@executable_path/Frameworks",
					"@loader_path/Frameworks",
				);
				PRODUCT_BUNDLE_IDENTIFIER = "com.kennydubroff.Eulerity-Async-Images-Tests";
				PRODUCT_NAME = "$(TARGET_NAME)";
				SWIFT_VERSION = 5.0;
				TARGETED_DEVICE_FAMILY = "1,2";
				TEST_HOST = "$(BUILT_PRODUCTS_DIR)/Eulerity Async Images.app/Eulerity Async Images";
			};
			name = Debug;
		};
		AA1159092631705D00852C63 /* Release */ = {
			isa = XCBuildConfiguration;
			buildSettings = {
				BUNDLE_LOADER = "$(TEST_HOST)";
				CODE_SIGN_STYLE = Automatic;
				DEVELOPMENT_TEAM = 34P4RF23ET;
				INFOPLIST_FILE = "Eulerity Async Images Tests/Info.plist";
				LD_RUNPATH_SEARCH_PATHS = (
					"$(inherited)",
					"@executable_path/Frameworks",
					"@loader_path/Frameworks",
				);
				PRODUCT_BUNDLE_IDENTIFIER = "com.kennydubroff.Eulerity-Async-Images-Tests";
				PRODUCT_NAME = "$(TARGET_NAME)";
				SWIFT_VERSION = 5.0;
				TARGETED_DEVICE_FAMILY = "1,2";
				TEST_HOST = "$(BUILT_PRODUCTS_DIR)/Eulerity Async Images.app/Eulerity Async Images";
			};
			name = Release;
		};
/* End XCBuildConfiguration section */

/* Begin XCConfigurationList section */
		AA1158CD26315E3000852C63 /* Build configuration list for PBXProject "Eulerity Async Images" */ = {
			isa = XCConfigurationList;
			buildConfigurations = (
				AA1158E426315E3200852C63 /* Debug */,
				AA1158E526315E3200852C63 /* Release */,
			);
			defaultConfigurationIsVisible = 0;
			defaultConfigurationName = Release;
		};
		AA1158E626315E3200852C63 /* Build configuration list for PBXNativeTarget "Eulerity Async Images" */ = {
			isa = XCConfigurationList;
			buildConfigurations = (
				AA1158E726315E3200852C63 /* Debug */,
				AA1158E826315E3200852C63 /* Release */,
			);
			defaultConfigurationIsVisible = 0;
			defaultConfigurationName = Release;
		};
		AA1159072631705D00852C63 /* Build configuration list for PBXNativeTarget "Eulerity Async Images Tests" */ = {
			isa = XCConfigurationList;
			buildConfigurations = (
				AA1159082631705D00852C63 /* Debug */,
				AA1159092631705D00852C63 /* Release */,
			);
			defaultConfigurationIsVisible = 0;
			defaultConfigurationName = Release;
		};
/* End XCConfigurationList section */
	};
	rootObject = AA1158CA26315E3000852C63 /* Project object */;
}
